{
  "version": 4,
  "terraform_version": "0.13.5",
  "serial": 7,
  "lineage": "88409d36-466a-77c5-061b-554eb193bbd7",
  "outputs": {},
  "resources": [
    {
      "mode": "data",
      "type": "aws_instance",
      "name": "ec2",
      "provider": "provider[\"registry.terraform.io/hashicorp/aws\"]",
      "instances": [
        {
          "schema_version": 0,
          "attributes": {
            "ami": "ami-0aef57767f5404a3c",
            "arn": "arn:aws:ec2:eu-west-1:456774515540:instance/i-0c783732fd7710cd2",
            "associate_public_ip_address": true,
            "availability_zone": "eu-west-1b",
            "credit_specification": [
              {
                "cpu_credits": "standard"
              }
            ],
            "disable_api_termination": false,
            "ebs_block_device": [],
            "ebs_optimized": false,
            "ephemeral_block_device": [],
            "filter": [
              {
                "name": "tag:Name",
                "values": [
                  "demo"
                ]
              }
            ],
            "get_password_data": false,
            "get_user_data": false,
            "host_id": null,
            "iam_instance_profile": "",
            "id": "i-0c783732fd7710cd2",
            "instance_id": null,
            "instance_state": "running",
            "instance_tags": null,
            "instance_type": "t2.micro",
            "key_name": "windows-server",
            "metadata_options": [
              {
                "http_endpoint": "enabled",
                "http_put_response_hop_limit": 1,
                "http_tokens": "optional"
              }
            ],
            "monitoring": false,
            "network_interface_id": "eni-02434dc86e50ba38d",
            "outpost_arn": "",
            "password_data": null,
            "placement_group": "",
            "private_dns": "ip-172-31-35-50.eu-west-1.compute.internal",
            "private_ip": "172.31.35.50",
            "public_dns": "ec2-63-35-223-16.eu-west-1.compute.amazonaws.com",
            "public_ip": "63.35.223.16",
            "root_block_device": [
              {
                "delete_on_termination": true,
                "device_name": "/dev/sda1",
                "encrypted": false,
                "iops": 100,
                "kms_key_id": "",
                "volume_id": "vol-07f0b638ea4528424",
                "volume_size": 8,
                "volume_type": "gp2"
              }
            ],
            "secondary_private_ips": [],
            "security_groups": [
              "default"
            ],
            "source_dest_check": true,
            "subnet_id": "subnet-600e7a3a",
            "tags": {
              "Name": "demo"
            },
            "tenancy": "default",
            "user_data": null,
            "user_data_base64": null,
            "vpc_security_group_ids": [
              "sg-3d68bf7e"
            ]
          }
        }
      ]
    },
    {
      "mode": "managed",
      "type": "aws_budgets_budget",
      "name": "ec2",
      "provider": "provider[\"registry.terraform.io/hashicorp/aws\"]",
      "instances": [
        {
          "schema_version": 0,
          "attributes": {
            "account_id": "456774515540",
            "budget_type": "COST",
            "cost_filters": {
              "TagKeyValue": "key${var.tagValue}"
            },
            "cost_types": [
              {
                "include_credit": false,
                "include_discount": false,
                "include_other_subscription": false,
                "include_recurring": false,
                "include_refund": false,
                "include_subscription": true,
                "include_support": false,
                "include_tax": false,
                "include_upfront": false,
                "use_amortized": false,
                "use_blended": false
              }
            ],
            "id": "456774515540:Ec2MonthlyBudgets",
            "limit_amount": "100.0",
            "limit_unit": "USD",
            "name": "Ec2MonthlyBudgets",
            "name_prefix": null,
            "notification": [],
            "time_period_end": "2087-06-15_00:00",
            "time_period_start": "2020-11-01_00:00",
            "time_unit": "MONTHLY"
          },
          "private": "bnVsbA=="
        }
      ]
    },
    {
      "mode": "managed",
      "type": "aws_iam_policy",
      "name": "policy",
      "provider": "provider[\"registry.terraform.io/hashicorp/aws\"]",
      "instances": [
        {
          "schema_version": 0,
          "attributes": {
            "arn": "arn:aws:iam::456774515540:policy/BudgetActionPolicys",
            "description": "Budget Custom Actions Role",
            "id": "arn:aws:iam::456774515540:policy/BudgetActionPolicys",
            "name": "BudgetActionPolicys",
            "name_prefix": null,
            "path": "/",
            "policy": "{\n    \"Version\": \"2012-10-17\",\n    \"Statement\": [\n        {\n            \"Effect\": \"Allow\",\n            \"Action\": [\n                \"ec2:DescribeInstanceStatus\",\n                \"ec2:StartInstances\",\n                \"ec2:StopInstances\",\n                \"rds:DescribeDBInstances\",\n                \"rds:StartDBInstance\",\n                \"rds:StopDBInstance\"\n            ],\n            \"Resource\": \"*\",\n            \"Condition\": {\n                \"ForAnyValue:StringEquals\": {\n                    \"aws:CalledVia\": [\n                        \"ssm.amazonaws.com\"\n                    ]\n                }\n            }\n        },\n        {\n            \"Effect\": \"Allow\",\n            \"Action\": [\n                \"ssm:StartAutomationExecution\"\n            ],\n            \"Resource\": \"*\"\n        }\n    ]\n}\n"
          },
          "private": "bnVsbA=="
        }
      ]
    },
    {
      "mode": "managed",
      "type": "aws_iam_role",
      "name": "test_role",
      "provider": "provider[\"registry.terraform.io/hashicorp/aws\"]",
      "instances": [
        {
          "schema_version": 0,
          "attributes": {
            "arn": "arn:aws:iam::456774515540:role/test_roles",
            "assume_role_policy": "{\"Version\":\"2012-10-17\",\"Statement\":[{\"Sid\":\"\",\"Effect\":\"Allow\",\"Principal\":{\"Service\":\"budgets.amazonaws.com\"},\"Action\":\"sts:AssumeRole\"}]}",
            "create_date": "2020-11-18T13:32:27Z",
            "description": "",
            "force_detach_policies": false,
            "id": "test_roles",
            "max_session_duration": 3600,
            "name": "test_roles",
            "name_prefix": null,
            "path": "/",
            "permissions_boundary": null,
            "tags": {
              "Name": "demo"
            },
            "unique_id": "AROAWUWPB7NKPJSHZTIF7"
          },
          "private": "bnVsbA=="
        }
      ]
    },
    {
      "mode": "managed",
      "type": "aws_iam_role_policy_attachment",
      "name": "test-attach",
      "provider": "provider[\"registry.terraform.io/hashicorp/aws\"]",
      "instances": [
        {
          "schema_version": 0,
          "attributes": {
            "id": "test_roles-20201118133232759500000001",
            "policy_arn": "arn:aws:iam::456774515540:policy/BudgetActionPolicys",
            "role": "test_roles"
          },
          "private": "bnVsbA==",
          "dependencies": [
            "aws_iam_policy.policy",
            "aws_iam_role.test_role"
          ]
        }
      ]
    },
    {
      "mode": "managed",
      "type": "null_resource",
      "name": "example",
      "provider": "provider[\"registry.terraform.io/hashicorp/null\"]",
      "instances": [
        {
          "schema_version": 0,
          "attributes": {
            "id": "4901058933082307019",
            "triggers": null
          },
          "private": "bnVsbA==",
          "dependencies": [
            "aws_budgets_budget.ec2",
            "aws_iam_role.test_role",
            "aws_iam_role_policy_attachment.test-attach",
            "data.aws_instance.ec2"
          ]
        }
      ]
    }
  ]
}
